{
  "name": "8bit-tile",
  "version": "1.0.0",
  "lockfileVersion": 1,
  "requires": true,
  "dependencies": {
    "csv-parse": {
      "version": "4.4.6",
      "resolved": "https://registry.npmjs.org/csv-parse/-/csv-parse-4.4.6.tgz",
      "integrity": "sha512-VisC5TBBhOF+70zjrF9FOiqI2LZOhXK/vAWlOrqyqz3lLa+P8jzJ7L/sg90MHmkSY/brAXWwrmGSZR0tM5yi4g=="
    },
    "i18n-iso-countries": {
      "version": "3.7.8",
      "resolved": "https://registry.npmjs.org/i18n-iso-countries/-/i18n-iso-countries-3.7.8.tgz",
      "integrity": "sha512-NkT3lRiw7D4kKtSAVjVdHCvGlc2UOe0ALKa9IfEx0LkEDf0q3YgjP/veVk0d/OZ7yqUNzV8aJP4lJc6RPj++Gw=="
    }
  }
}
